
Microsoft Visual Studio Solution File, Format Version 12.00
# Visual Studio Version 17
VisualStudioVersion = 17.5.002.0
MinimumVisualStudioVersion = 10.0.40219.1
Project("{9A19103F-16F7-4668-BE54-9A1E7A4F7556}") = "TrilhaApiDesafio", "TrilhaApiDesafio.csproj", "{2BF56A7A-0DB3-4E55-B7B2-2EA8CF277BC3}"
EndProject
Global
	GlobalSection(SolutionConfigurationPlatforms) = preSolution
		Debug|Any CPU = Debug|Any CPU
		Release|Any CPU = Release|Any CPU
	EndGlobalSection
	GlobalSection(ProjectConfigurationPlatforms) = postSolution
		{2BF56A7A-0DB3-4E55-B7B2-2EA8CF277BC3}.Debug|Any CPU.ActiveCfg = Debug|Any CPU
		{2BF56A7A-0DB3-4E55-B7B2-2EA8CF277BC3}.Debug|Any CPU.Build.0 = Debug|Any CPU
		{2BF56A7A-0DB3-4E55-B7B2-2EA8CF277BC3}.Release|Any CPU.ActiveCfg = Release|Any CPU
		{2BF56A7A-0DB3-4E55-B7B2-2EA8CF277BC3}.Release|Any CPU.Build.0 = Release|Any CPU
	EndGlobalSection
	GlobalSection(SolutionProperties) = preSolution
		HideSolutionNode = FALSE
	EndGlobalSection
	GlobalSection(ExtensibilityGlobals) = postSolution
		SolutionGuid = {507AB998-C9F8-470F-9FAA-7937CAC96774}
	EndGlobalSection
EndGlobal
